// !$*UTF8*$!
{
	archiveVersion = 1;
	classes = {
	};
	objectVersion = 51;
	objects = {

/* Begin PBXBuildFile section */
		53274254242EA8B900E709AC /* Images.xcassets in Resources */ = {isa = PBXBuildFile; fileRef = 53274253242EA8B900E709AC /* Images.xcassets */; };
		5327425A242EBFAB00E709AC /* MainFeedViewController.swift in Sources */ = {isa = PBXBuildFile; fileRef = 53274259242EBFAB00E709AC /* MainFeedViewController.swift */; };
		5327426E242F9DCA00E709AC /* Localizable.strings in Resources */ = {isa = PBXBuildFile; fileRef = 53274270242F9DCA00E709AC /* Localizable.strings */; };
		5330B5BF243784C700B7F160 /* SignInOptionsView.xib in Resources */ = {isa = PBXBuildFile; fileRef = 5330B5BE243784C700B7F160 /* SignInOptionsView.xib */; };
		5330B5C1243784F200B7F160 /* SignInOptionsView.swift in Sources */ = {isa = PBXBuildFile; fileRef = 5330B5C0243784F200B7F160 /* SignInOptionsView.swift */; };
		5330B5C32437A28300B7F160 /* ProfileBaseViewController.xib in Resources */ = {isa = PBXBuildFile; fileRef = 5330B5C22437A28300B7F160 /* ProfileBaseViewController.xib */; };
		5330B5C52438029700B7F160 /* SignInSeparatorView.xib in Resources */ = {isa = PBXBuildFile; fileRef = 5330B5C42438029700B7F160 /* SignInSeparatorView.xib */; };
		5330B5C7243809CD00B7F160 /* SignInSeparatorView.swift in Sources */ = {isa = PBXBuildFile; fileRef = 5330B5C6243809CD00B7F160 /* SignInSeparatorView.swift */; };
		53883FAD24265F3F000D98C8 /* AppDelegate.swift in Sources */ = {isa = PBXBuildFile; fileRef = 53883FAC24265F3F000D98C8 /* AppDelegate.swift */; };
		53883FAF24265F3F000D98C8 /* SceneDelegate.swift in Sources */ = {isa = PBXBuildFile; fileRef = 53883FAE24265F3F000D98C8 /* SceneDelegate.swift */; };
		53883FB624265F41000D98C8 /* Assets.xcassets in Resources */ = {isa = PBXBuildFile; fileRef = 53883FB524265F41000D98C8 /* Assets.xcassets */; };
		53883FB924265F41000D98C8 /* LaunchScreen.storyboard in Resources */ = {isa = PBXBuildFile; fileRef = 53883FB724265F41000D98C8 /* LaunchScreen.storyboard */; };
		53883FC424265F41000D98C8 /* Tech_News_HubTests.swift in Sources */ = {isa = PBXBuildFile; fileRef = 53883FC324265F41000D98C8 /* Tech_News_HubTests.swift */; };
		53883FD3242D1A81000D98C8 /* ProfileBaseViewController.swift in Sources */ = {isa = PBXBuildFile; fileRef = 53883FD2242D1A81000D98C8 /* ProfileBaseViewController.swift */; };
		53883FD7242D2631000D98C8 /* FeedPreferencesBaseViewController.swift in Sources */ = {isa = PBXBuildFile; fileRef = 53883FD6242D2631000D98C8 /* FeedPreferencesBaseViewController.swift */; };
		53883FD9242D2C8D000D98C8 /* Colors.xcassets in Resources */ = {isa = PBXBuildFile; fileRef = 53883FD8242D2C8D000D98C8 /* Colors.xcassets */; };
		53883FDB242E99BE000D98C8 /* BaseTabBarController.swift in Sources */ = {isa = PBXBuildFile; fileRef = 53883FDA242E99BE000D98C8 /* BaseTabBarController.swift */; };
		53DA9C2C243F6A070034E36A /* MainFeedViewController.xib in Resources */ = {isa = PBXBuildFile; fileRef = 53DA9C2B243F6A070034E36A /* MainFeedViewController.xib */; };
		53DA9C2F243F6A840034E36A /* ArticleAuthorView.swift in Sources */ = {isa = PBXBuildFile; fileRef = 53DA9C2E243F6A840034E36A /* ArticleAuthorView.swift */; };
		53DA9C31243F6A930034E36A /* ArticleAuthorView.xib in Resources */ = {isa = PBXBuildFile; fileRef = 53DA9C30243F6A930034E36A /* ArticleAuthorView.xib */; };
		53DA9C33243F7BF40034E36A /* ArticlePreviewView.swift in Sources */ = {isa = PBXBuildFile; fileRef = 53DA9C32243F7BF40034E36A /* ArticlePreviewView.swift */; };
		53DA9C35243F7D010034E36A /* ArticlePreviewView.xib in Resources */ = {isa = PBXBuildFile; fileRef = 53DA9C34243F7D010034E36A /* ArticlePreviewView.xib */; };
		7C46628FABCA650C3A0917BE /* Pods_Tech_News_Hub.framework in Frameworks */ = {isa = PBXBuildFile; fileRef = EFB0F4E04DBA948086CBBD95 /* Pods_Tech_News_Hub.framework */; };
		D3BD1C29B4E0E1CD10552EAB /* Pods_Tech_News_HubTests.framework in Frameworks */ = {isa = PBXBuildFile; fileRef = A38089B09C565435A07D0786 /* Pods_Tech_News_HubTests.framework */; };
/* End PBXBuildFile section */

/* Begin PBXContainerItemProxy section */
		53883FC024265F41000D98C8 /* PBXContainerItemProxy */ = {
			isa = PBXContainerItemProxy;
			containerPortal = 53883FA124265F3F000D98C8 /* Project object */;
			proxyType = 1;
			remoteGlobalIDString = 53883FA824265F3F000D98C8;
			remoteInfo = "Tech News Hub";
		};
/* End PBXContainerItemProxy section */

/* Begin PBXFileReference section */
		53274253242EA8B900E709AC /* Images.xcassets */ = {isa = PBXFileReference; lastKnownFileType = folder.assetcatalog; path = Images.xcassets; sourceTree = "<group>"; };
		53274259242EBFAB00E709AC /* MainFeedViewController.swift */ = {isa = PBXFileReference; lastKnownFileType = sourcecode.swift; path = MainFeedViewController.swift; sourceTree = "<group>"; };
		53274269242F9D5B00E709AC /* es */ = {isa = PBXFileReference; lastKnownFileType = text.plist.strings; name = es; path = es.lproj/LaunchScreen.strings; sourceTree = "<group>"; };
		5327426A242F9D6100E709AC /* de */ = {isa = PBXFileReference; lastKnownFileType = text.plist.strings; name = de; path = de.lproj/LaunchScreen.strings; sourceTree = "<group>"; };
		5327426B242F9D6500E709AC /* fr */ = {isa = PBXFileReference; lastKnownFileType = text.plist.strings; name = fr; path = fr.lproj/LaunchScreen.strings; sourceTree = "<group>"; };
		5327426F242F9DCA00E709AC /* en */ = {isa = PBXFileReference; lastKnownFileType = text.plist.strings; name = en; path = en.lproj/Localizable.strings; sourceTree = "<group>"; };
		53274271242F9DCC00E709AC /* fr */ = {isa = PBXFileReference; lastKnownFileType = text.plist.strings; name = fr; path = fr.lproj/Localizable.strings; sourceTree = "<group>"; };
		53274272242F9DCC00E709AC /* de */ = {isa = PBXFileReference; lastKnownFileType = text.plist.strings; name = de; path = de.lproj/Localizable.strings; sourceTree = "<group>"; };
		53274273242F9DCD00E709AC /* es */ = {isa = PBXFileReference; lastKnownFileType = text.plist.strings; name = es; path = es.lproj/Localizable.strings; sourceTree = "<group>"; };
		5330B5BC2433DF9300B7F160 /* GoogleService-Info.plist */ = {isa = PBXFileReference; lastKnownFileType = text.plist.xml; path = "GoogleService-Info.plist"; sourceTree = "<group>"; };
		5330B5BE243784C700B7F160 /* SignInOptionsView.xib */ = {isa = PBXFileReference; lastKnownFileType = file.xib; path = SignInOptionsView.xib; sourceTree = "<group>"; };
		5330B5C0243784F200B7F160 /* SignInOptionsView.swift */ = {isa = PBXFileReference; lastKnownFileType = sourcecode.swift; path = SignInOptionsView.swift; sourceTree = "<group>"; };
		5330B5C22437A28300B7F160 /* ProfileBaseViewController.xib */ = {isa = PBXFileReference; lastKnownFileType = file.xib; path = ProfileBaseViewController.xib; sourceTree = "<group>"; };
		5330B5C42438029700B7F160 /* SignInSeparatorView.xib */ = {isa = PBXFileReference; lastKnownFileType = file.xib; path = SignInSeparatorView.xib; sourceTree = "<group>"; };
		5330B5C6243809CD00B7F160 /* SignInSeparatorView.swift */ = {isa = PBXFileReference; lastKnownFileType = sourcecode.swift; path = SignInSeparatorView.swift; sourceTree = "<group>"; };
		53883FA924265F3F000D98C8 /* Tech News Hub.app */ = {isa = PBXFileReference; explicitFileType = wrapper.application; includeInIndex = 0; path = "Tech News Hub.app"; sourceTree = BUILT_PRODUCTS_DIR; };
		53883FAC24265F3F000D98C8 /* AppDelegate.swift */ = {isa = PBXFileReference; lastKnownFileType = sourcecode.swift; path = AppDelegate.swift; sourceTree = "<group>"; };
		53883FAE24265F3F000D98C8 /* SceneDelegate.swift */ = {isa = PBXFileReference; lastKnownFileType = sourcecode.swift; path = SceneDelegate.swift; sourceTree = "<group>"; };
		53883FB524265F41000D98C8 /* Assets.xcassets */ = {isa = PBXFileReference; lastKnownFileType = folder.assetcatalog; path = Assets.xcassets; sourceTree = "<group>"; };
		53883FB824265F41000D98C8 /* Base */ = {isa = PBXFileReference; lastKnownFileType = file.storyboard; name = Base; path = Base.lproj/LaunchScreen.storyboard; sourceTree = "<group>"; };
		53883FBA24265F41000D98C8 /* Info.plist */ = {isa = PBXFileReference; lastKnownFileType = text.plist.xml; path = Info.plist; sourceTree = "<group>"; };
		53883FBF24265F41000D98C8 /* Tech News HubTests.xctest */ = {isa = PBXFileReference; explicitFileType = wrapper.cfbundle; includeInIndex = 0; path = "Tech News HubTests.xctest"; sourceTree = BUILT_PRODUCTS_DIR; };
		53883FC324265F41000D98C8 /* Tech_News_HubTests.swift */ = {isa = PBXFileReference; lastKnownFileType = sourcecode.swift; path = Tech_News_HubTests.swift; sourceTree = "<group>"; };
		53883FC524265F41000D98C8 /* Info.plist */ = {isa = PBXFileReference; lastKnownFileType = text.plist.xml; path = Info.plist; sourceTree = "<group>"; };
		53883FD2242D1A81000D98C8 /* ProfileBaseViewController.swift */ = {isa = PBXFileReference; lastKnownFileType = sourcecode.swift; path = ProfileBaseViewController.swift; sourceTree = "<group>"; };
		53883FD6242D2631000D98C8 /* FeedPreferencesBaseViewController.swift */ = {isa = PBXFileReference; lastKnownFileType = sourcecode.swift; path = FeedPreferencesBaseViewController.swift; sourceTree = "<group>"; };
		53883FD8242D2C8D000D98C8 /* Colors.xcassets */ = {isa = PBXFileReference; lastKnownFileType = folder.assetcatalog; path = Colors.xcassets; sourceTree = "<group>"; };
		53883FDA242E99BE000D98C8 /* BaseTabBarController.swift */ = {isa = PBXFileReference; lastKnownFileType = sourcecode.swift; path = BaseTabBarController.swift; sourceTree = "<group>"; };
		53DA9C2B243F6A070034E36A /* MainFeedViewController.xib */ = {isa = PBXFileReference; lastKnownFileType = file.xib; path = MainFeedViewController.xib; sourceTree = "<group>"; };
		53DA9C2E243F6A840034E36A /* ArticleAuthorView.swift */ = {isa = PBXFileReference; lastKnownFileType = sourcecode.swift; path = ArticleAuthorView.swift; sourceTree = "<group>"; };
		53DA9C30243F6A930034E36A /* ArticleAuthorView.xib */ = {isa = PBXFileReference; lastKnownFileType = file.xib; path = ArticleAuthorView.xib; sourceTree = "<group>"; };
		53DA9C32243F7BF40034E36A /* ArticlePreviewView.swift */ = {isa = PBXFileReference; lastKnownFileType = sourcecode.swift; path = ArticlePreviewView.swift; sourceTree = "<group>"; };
		53DA9C34243F7D010034E36A /* ArticlePreviewView.xib */ = {isa = PBXFileReference; lastKnownFileType = file.xib; path = ArticlePreviewView.xib; sourceTree = "<group>"; };
		8C497CEF7BFFC0E026AE7CD1 /* Pods-Tech News Hub.debug.xcconfig */ = {isa = PBXFileReference; includeInIndex = 1; lastKnownFileType = text.xcconfig; name = "Pods-Tech News Hub.debug.xcconfig"; path = "Target Support Files/Pods-Tech News Hub/Pods-Tech News Hub.debug.xcconfig"; sourceTree = "<group>"; };
		A38089B09C565435A07D0786 /* Pods_Tech_News_HubTests.framework */ = {isa = PBXFileReference; explicitFileType = wrapper.framework; includeInIndex = 0; path = Pods_Tech_News_HubTests.framework; sourceTree = BUILT_PRODUCTS_DIR; };
		CA3962479B8CED8627993094 /* Pods-Tech News HubTests.release.xcconfig */ = {isa = PBXFileReference; includeInIndex = 1; lastKnownFileType = text.xcconfig; name = "Pods-Tech News HubTests.release.xcconfig"; path = "Target Support Files/Pods-Tech News HubTests/Pods-Tech News HubTests.release.xcconfig"; sourceTree = "<group>"; };
		D80629A79AC3716BBDC0A44D /* Pods-Tech News HubTests.debug.xcconfig */ = {isa = PBXFileReference; includeInIndex = 1; lastKnownFileType = text.xcconfig; name = "Pods-Tech News HubTests.debug.xcconfig"; path = "Target Support Files/Pods-Tech News HubTests/Pods-Tech News HubTests.debug.xcconfig"; sourceTree = "<group>"; };
		E0D8EF2AAF6E0F8719A67E94 /* Pods-Tech News Hub.release.xcconfig */ = {isa = PBXFileReference; includeInIndex = 1; lastKnownFileType = text.xcconfig; name = "Pods-Tech News Hub.release.xcconfig"; path = "Target Support Files/Pods-Tech News Hub/Pods-Tech News Hub.release.xcconfig"; sourceTree = "<group>"; };
		EFB0F4E04DBA948086CBBD95 /* Pods_Tech_News_Hub.framework */ = {isa = PBXFileReference; explicitFileType = wrapper.framework; includeInIndex = 0; path = Pods_Tech_News_Hub.framework; sourceTree = BUILT_PRODUCTS_DIR; };
/* End PBXFileReference section */

/* Begin PBXFrameworksBuildPhase section */
		53883FA624265F3F000D98C8 /* Frameworks */ = {
			isa = PBXFrameworksBuildPhase;
			buildActionMask = 2147483647;
			files = (
				7C46628FABCA650C3A0917BE /* Pods_Tech_News_Hub.framework in Frameworks */,
			);
			runOnlyForDeploymentPostprocessing = 0;
		};
		53883FBC24265F41000D98C8 /* Frameworks */ = {
			isa = PBXFrameworksBuildPhase;
			buildActionMask = 2147483647;
			files = (
				D3BD1C29B4E0E1CD10552EAB /* Pods_Tech_News_HubTests.framework in Frameworks */,
			);
			runOnlyForDeploymentPostprocessing = 0;
		};
/* End PBXFrameworksBuildPhase section */

/* Begin PBXGroup section */
		53274255242EB95300E709AC /* Application */ = {
			isa = PBXGroup;
			children = (
				53883FDA242E99BE000D98C8 /* BaseTabBarController.swift */,
				53274258242EB99700E709AC /* Preferences */,
				53274257242EB98E00E709AC /* Profile */,
				53274256242EB97800E709AC /* Feed */,
			);
			path = Application;
			sourceTree = "<group>";
		};
		53274256242EB97800E709AC /* Feed */ = {
			isa = PBXGroup;
			children = (
				53274259242EBFAB00E709AC /* MainFeedViewController.swift */,
				53DA9C2B243F6A070034E36A /* MainFeedViewController.xib */,
				53DA9C2D243F6A450034E36A /* Views */,
			);
			path = Feed;
			sourceTree = "<group>";
		};
		53274257242EB98E00E709AC /* Profile */ = {
			isa = PBXGroup;
			children = (
				53883FD2242D1A81000D98C8 /* ProfileBaseViewController.swift */,
				5330B5C22437A28300B7F160 /* ProfileBaseViewController.xib */,
				5330B5BD24377EED00B7F160 /* Views */,
			);
			path = Profile;
			sourceTree = "<group>";
		};
		53274258242EB99700E709AC /* Preferences */ = {
			isa = PBXGroup;
			children = (
				53883FD6242D2631000D98C8 /* FeedPreferencesBaseViewController.swift */,
			);
			path = Preferences;
			sourceTree = "<group>";
		};
		5330B5BD24377EED00B7F160 /* Views */ = {
			isa = PBXGroup;
			children = (
				5330B5C0243784F200B7F160 /* SignInOptionsView.swift */,
				5330B5BE243784C700B7F160 /* SignInOptionsView.xib */,
				5330B5C6243809CD00B7F160 /* SignInSeparatorView.swift */,
				5330B5C42438029700B7F160 /* SignInSeparatorView.xib */,
			);
			path = Views;
			sourceTree = "<group>";
		};
		53883FA024265F3F000D98C8 = {
			isa = PBXGroup;
			children = (
				53883FAB24265F3F000D98C8 /* Tech News Hub */,
				53883FC224265F41000D98C8 /* Tech News HubTests */,
				53883FAA24265F3F000D98C8 /* Products */,
				7FF90354828BC01D0061A868 /* Pods */,
				89B6D979462D08D91476B841 /* Frameworks */,
			);
			sourceTree = "<group>";
		};
		53883FAA24265F3F000D98C8 /* Products */ = {
			isa = PBXGroup;
			children = (
				53883FA924265F3F000D98C8 /* Tech News Hub.app */,
				53883FBF24265F41000D98C8 /* Tech News HubTests.xctest */,
			);
			name = Products;
			sourceTree = "<group>";
		};
		53883FAB24265F3F000D98C8 /* Tech News Hub */ = {
			isa = PBXGroup;
			children = (
				53274255242EB95300E709AC /* Application */,
				53883FAC24265F3F000D98C8 /* AppDelegate.swift */,
				53883FAE24265F3F000D98C8 /* SceneDelegate.swift */,
				53883FB524265F41000D98C8 /* Assets.xcassets */,
				53883FD8242D2C8D000D98C8 /* Colors.xcassets */,
				53274253242EA8B900E709AC /* Images.xcassets */,
				53883FB724265F41000D98C8 /* LaunchScreen.storyboard */,
				53883FBA24265F41000D98C8 /* Info.plist */,
				53274270242F9DCA00E709AC /* Localizable.strings */,
				5330B5BC2433DF9300B7F160 /* GoogleService-Info.plist */,
			);
			path = "Tech News Hub";
			sourceTree = "<group>";
		};
		53883FC224265F41000D98C8 /* Tech News HubTests */ = {
			isa = PBXGroup;
			children = (
				53883FC324265F41000D98C8 /* Tech_News_HubTests.swift */,
				53883FC524265F41000D98C8 /* Info.plist */,
			);
			path = "Tech News HubTests";
			sourceTree = "<group>";
		};
		53DA9C2D243F6A450034E36A /* Views */ = {
			isa = PBXGroup;
			children = (
				53DA9C2E243F6A840034E36A /* ArticleAuthorView.swift */,
				53DA9C30243F6A930034E36A /* ArticleAuthorView.xib */,
				53DA9C32243F7BF40034E36A /* ArticlePreviewView.swift */,
				53DA9C34243F7D010034E36A /* ArticlePreviewView.xib */,
			);
			path = Views;
			sourceTree = "<group>";
		};
		7FF90354828BC01D0061A868 /* Pods */ = {
			isa = PBXGroup;
			children = (
				8C497CEF7BFFC0E026AE7CD1 /* Pods-Tech News Hub.debug.xcconfig */,
				E0D8EF2AAF6E0F8719A67E94 /* Pods-Tech News Hub.release.xcconfig */,
				D80629A79AC3716BBDC0A44D /* Pods-Tech News HubTests.debug.xcconfig */,
				CA3962479B8CED8627993094 /* Pods-Tech News HubTests.release.xcconfig */,
			);
			path = Pods;
			sourceTree = "<group>";
		};
		89B6D979462D08D91476B841 /* Frameworks */ = {
			isa = PBXGroup;
			children = (
				EFB0F4E04DBA948086CBBD95 /* Pods_Tech_News_Hub.framework */,
				A38089B09C565435A07D0786 /* Pods_Tech_News_HubTests.framework */,
			);
			name = Frameworks;
			sourceTree = "<group>";
		};
/* End PBXGroup section */

/* Begin PBXNativeTarget section */
		53883FA824265F3F000D98C8 /* Tech News Hub */ = {
			isa = PBXNativeTarget;
			buildConfigurationList = 53883FC824265F41000D98C8 /* Build configuration list for PBXNativeTarget "Tech News Hub" */;
			buildPhases = (
				739238E25BAF5359AA2ED214 /* [CP] Check Pods Manifest.lock */,
				53883FA524265F3F000D98C8 /* Sources */,
				53883FA624265F3F000D98C8 /* Frameworks */,
				53883FA724265F3F000D98C8 /* Resources */,
				ADAC2421BEC8626C3A4DB7F6 /* [CP] Embed Pods Frameworks */,
				72BDE1457585A030641F2722 /* [CP] Copy Pods Resources */,
			);
			buildRules = (
			);
			dependencies = (
			);
			name = "Tech News Hub";
			productName = "Tech News Hub";
			productReference = 53883FA924265F3F000D98C8 /* Tech News Hub.app */;
			productType = "com.apple.product-type.application";
		};
		53883FBE24265F41000D98C8 /* Tech News HubTests */ = {
			isa = PBXNativeTarget;
			buildConfigurationList = 53883FCB24265F41000D98C8 /* Build configuration list for PBXNativeTarget "Tech News HubTests" */;
			buildPhases = (
				419454660EFEC9A0F26C40FC /* [CP] Check Pods Manifest.lock */,
				53883FBB24265F41000D98C8 /* Sources */,
				53883FBC24265F41000D98C8 /* Frameworks */,
				53883FBD24265F41000D98C8 /* Resources */,
				4219C4EFD8906D85C2141F30 /* [CP] Embed Pods Frameworks */,
			);
			buildRules = (
			);
			dependencies = (
				53883FC124265F41000D98C8 /* PBXTargetDependency */,
			);
			name = "Tech News HubTests";
			productName = "Tech News HubTests";
			productReference = 53883FBF24265F41000D98C8 /* Tech News HubTests.xctest */;
			productType = "com.apple.product-type.bundle.unit-test";
		};
/* End PBXNativeTarget section */

/* Begin PBXProject section */
		53883FA124265F3F000D98C8 /* Project object */ = {
			isa = PBXProject;
			attributes = {
				LastSwiftUpdateCheck = 1130;
				LastUpgradeCheck = 1130;
				ORGANIZATIONNAME = "The Tech News Hub";
				TargetAttributes = {
					53883FA824265F3F000D98C8 = {
						CreatedOnToolsVersion = 11.3;
					};
					53883FBE24265F41000D98C8 = {
						CreatedOnToolsVersion = 11.3;
						TestTargetID = 53883FA824265F3F000D98C8;
					};
				};
			};
			buildConfigurationList = 53883FA424265F3F000D98C8 /* Build configuration list for PBXProject "Tech News Hub" */;
			compatibilityVersion = "Xcode 9.3";
			developmentRegion = en;
			hasScannedForEncodings = 0;
			knownRegions = (
				en,
				Base,
				es,
				de,
				fr,
			);
			mainGroup = 53883FA024265F3F000D98C8;
			productRefGroup = 53883FAA24265F3F000D98C8 /* Products */;
			projectDirPath = "";
			projectRoot = "";
			targets = (
				53883FA824265F3F000D98C8 /* Tech News Hub */,
				53883FBE24265F41000D98C8 /* Tech News HubTests */,
			);
		};
/* End PBXProject section */

/* Begin PBXResourcesBuildPhase section */
		53883FA724265F3F000D98C8 /* Resources */ = {
			isa = PBXResourcesBuildPhase;
			buildActionMask = 2147483647;
			files = (
				5327426E242F9DCA00E709AC /* Localizable.strings in Resources */,
				53883FD9242D2C8D000D98C8 /* Colors.xcassets in Resources */,
				53274254242EA8B900E709AC /* Images.xcassets in Resources */,
				53883FB924265F41000D98C8 /* LaunchScreen.storyboard in Resources */,
				53DA9C31243F6A930034E36A /* ArticleAuthorView.xib in Resources */,
				5330B5C52438029700B7F160 /* SignInSeparatorView.xib in Resources */,
				5330B5C32437A28300B7F160 /* ProfileBaseViewController.xib in Resources */,
				53DA9C2C243F6A070034E36A /* MainFeedViewController.xib in Resources */,
				53883FB624265F41000D98C8 /* Assets.xcassets in Resources */,
				53DA9C35243F7D010034E36A /* ArticlePreviewView.xib in Resources */,
				5330B5BF243784C700B7F160 /* SignInOptionsView.xib in Resources */,
			);
			runOnlyForDeploymentPostprocessing = 0;
		};
		53883FBD24265F41000D98C8 /* Resources */ = {
			isa = PBXResourcesBuildPhase;
			buildActionMask = 2147483647;
			files = (
			);
			runOnlyForDeploymentPostprocessing = 0;
		};
/* End PBXResourcesBuildPhase section */

/* Begin PBXShellScriptBuildPhase section */
		419454660EFEC9A0F26C40FC /* [CP] Check Pods Manifest.lock */ = {
			isa = PBXShellScriptBuildPhase;
			buildActionMask = 2147483647;
			files = (
			);
			inputFileListPaths = (
			);
			inputPaths = (
				"${PODS_PODFILE_DIR_PATH}/Podfile.lock",
				"${PODS_ROOT}/Manifest.lock",
			);
			name = "[CP] Check Pods Manifest.lock";
			outputFileListPaths = (
			);
			outputPaths = (
				"$(DERIVED_FILE_DIR)/Pods-Tech News HubTests-checkManifestLockResult.txt",
			);
			runOnlyForDeploymentPostprocessing = 0;
			shellPath = /bin/sh;
			shellScript = "diff \"${PODS_PODFILE_DIR_PATH}/Podfile.lock\" \"${PODS_ROOT}/Manifest.lock\" > /dev/null\nif [ $? != 0 ] ; then\n    # print error to STDERR\n    echo \"error: The sandbox is not in sync with the Podfile.lock. Run 'pod install' or update your CocoaPods installation.\" >&2\n    exit 1\nfi\n# This output is used by Xcode 'outputs' to avoid re-running this script phase.\necho \"SUCCESS\" > \"${SCRIPT_OUTPUT_FILE_0}\"\n";
			showEnvVarsInLog = 0;
		};
		4219C4EFD8906D85C2141F30 /* [CP] Embed Pods Frameworks */ = {
			isa = PBXShellScriptBuildPhase;
			buildActionMask = 2147483647;
			files = (
			);
			inputFileListPaths = (
				"${PODS_ROOT}/Target Support Files/Pods-Tech News HubTests/Pods-Tech News HubTests-frameworks-${CONFIGURATION}-input-files.xcfilelist",
			);
			name = "[CP] Embed Pods Frameworks";
			outputFileListPaths = (
				"${PODS_ROOT}/Target Support Files/Pods-Tech News HubTests/Pods-Tech News HubTests-frameworks-${CONFIGURATION}-output-files.xcfilelist",
			);
			runOnlyForDeploymentPostprocessing = 0;
			shellPath = /bin/sh;
			shellScript = "\"${PODS_ROOT}/Target Support Files/Pods-Tech News HubTests/Pods-Tech News HubTests-frameworks.sh\"\n";
			showEnvVarsInLog = 0;
		};
		72BDE1457585A030641F2722 /* [CP] Copy Pods Resources */ = {
			isa = PBXShellScriptBuildPhase;
			buildActionMask = 2147483647;
			files = (
			);
			inputFileListPaths = (
				"${PODS_ROOT}/Target Support Files/Pods-Tech News Hub/Pods-Tech News Hub-resources-${CONFIGURATION}-input-files.xcfilelist",
			);
			name = "[CP] Copy Pods Resources";
			outputFileListPaths = (
				"${PODS_ROOT}/Target Support Files/Pods-Tech News Hub/Pods-Tech News Hub-resources-${CONFIGURATION}-output-files.xcfilelist",
			);
			runOnlyForDeploymentPostprocessing = 0;
			shellPath = /bin/sh;
			shellScript = "\"${PODS_ROOT}/Target Support Files/Pods-Tech News Hub/Pods-Tech News Hub-resources.sh\"\n";
			showEnvVarsInLog = 0;
		};
		739238E25BAF5359AA2ED214 /* [CP] Check Pods Manifest.lock */ = {
			isa = PBXShellScriptBuildPhase;
			buildActionMask = 2147483647;
			files = (
			);
			inputFileListPaths = (
			);
			inputPaths = (
				"${PODS_PODFILE_DIR_PATH}/Podfile.lock",
				"${PODS_ROOT}/Manifest.lock",
			);
			name = "[CP] Check Pods Manifest.lock";
			outputFileListPaths = (
			);
			outputPaths = (
				"$(DERIVED_FILE_DIR)/Pods-Tech News Hub-checkManifestLockResult.txt",
			);
			runOnlyForDeploymentPostprocessing = 0;
			shellPath = /bin/sh;
			shellScript = "diff \"${PODS_PODFILE_DIR_PATH}/Podfile.lock\" \"${PODS_ROOT}/Manifest.lock\" > /dev/null\nif [ $? != 0 ] ; then\n    # print error to STDERR\n    echo \"error: The sandbox is not in sync with the Podfile.lock. Run 'pod install' or update your CocoaPods installation.\" >&2\n    exit 1\nfi\n# This output is used by Xcode 'outputs' to avoid re-running this script phase.\necho \"SUCCESS\" > \"${SCRIPT_OUTPUT_FILE_0}\"\n";
			showEnvVarsInLog = 0;
		};
		ADAC2421BEC8626C3A4DB7F6 /* [CP] Embed Pods Frameworks */ = {
			isa = PBXShellScriptBuildPhase;
			buildActionMask = 2147483647;
			files = (
			);
			inputFileListPaths = (
				"${PODS_ROOT}/Target Support Files/Pods-Tech News Hub/Pods-Tech News Hub-frameworks-${CONFIGURATION}-input-files.xcfilelist",
			);
			name = "[CP] Embed Pods Frameworks";
			outputFileListPaths = (
				"${PODS_ROOT}/Target Support Files/Pods-Tech News Hub/Pods-Tech News Hub-frameworks-${CONFIGURATION}-output-files.xcfilelist",
			);
			runOnlyForDeploymentPostprocessing = 0;
			shellPath = /bin/sh;
			shellScript = "\"${PODS_ROOT}/Target Support Files/Pods-Tech News Hub/Pods-Tech News Hub-frameworks.sh\"\n";
			showEnvVarsInLog = 0;
		};
/* End PBXShellScriptBuildPhase section */

/* Begin PBXSourcesBuildPhase section */
		53883FA524265F3F000D98C8 /* Sources */ = {
			isa = PBXSourcesBuildPhase;
			buildActionMask = 2147483647;
			files = (
				5330B5C7243809CD00B7F160 /* SignInSeparatorView.swift in Sources */,
				53883FD3242D1A81000D98C8 /* ProfileBaseViewController.swift in Sources */,
				53DA9C2F243F6A840034E36A /* ArticleAuthorView.swift in Sources */,
				5327425A242EBFAB00E709AC /* MainFeedViewController.swift in Sources */,
				53883FDB242E99BE000D98C8 /* BaseTabBarController.swift in Sources */,
				53883FD7242D2631000D98C8 /* FeedPreferencesBaseViewController.swift in Sources */,
				53DA9C33243F7BF40034E36A /* ArticlePreviewView.swift in Sources */,
				53883FAD24265F3F000D98C8 /* AppDelegate.swift in Sources */,
				53883FAF24265F3F000D98C8 /* SceneDelegate.swift in Sources */,
				5330B5C1243784F200B7F160 /* SignInOptionsView.swift in Sources */,
			);
			runOnlyForDeploymentPostprocessing = 0;
		};
		53883FBB24265F41000D98C8 /* Sources */ = {
			isa = PBXSourcesBuildPhase;
			buildActionMask = 2147483647;
			files = (
				53883FC424265F41000D98C8 /* Tech_News_HubTests.swift in Sources */,
			);
			runOnlyForDeploymentPostprocessing = 0;
		};
/* End PBXSourcesBuildPhase section */

/* Begin PBXTargetDependency section */
		53883FC124265F41000D98C8 /* PBXTargetDependency */ = {
			isa = PBXTargetDependency;
			target = 53883FA824265F3F000D98C8 /* Tech News Hub */;
			targetProxy = 53883FC024265F41000D98C8 /* PBXContainerItemProxy */;
		};
/* End PBXTargetDependency section */

/* Begin PBXVariantGroup section */
		53274270242F9DCA00E709AC /* Localizable.strings */ = {
			isa = PBXVariantGroup;
			children = (
				5327426F242F9DCA00E709AC /* en */,
				53274271242F9DCC00E709AC /* fr */,
				53274272242F9DCC00E709AC /* de */,
				53274273242F9DCD00E709AC /* es */,
			);
			name = Localizable.strings;
			sourceTree = "<group>";
		};
		53883FB724265F41000D98C8 /* LaunchScreen.storyboard */ = {
			isa = PBXVariantGroup;
			children = (
				53883FB824265F41000D98C8 /* Base */,
				53274269242F9D5B00E709AC /* es */,
				5327426A242F9D6100E709AC /* de */,
				5327426B242F9D6500E709AC /* fr */,
			);
			name = LaunchScreen.storyboard;
			sourceTree = "<group>";
		};
/* End PBXVariantGroup section */

/* Begin XCBuildConfiguration section */
		53883FC624265F41000D98C8 /* Debug */ = {
			isa = XCBuildConfiguration;
			buildSettings = {
				ALWAYS_SEARCH_USER_PATHS = NO;
				CLANG_ANALYZER_LOCALIZABILITY_NONLOCALIZED = YES;
				CLANG_ANALYZER_NONNULL = YES;
				CLANG_ANALYZER_NUMBER_OBJECT_CONVERSION = YES_AGGRESSIVE;
				CLANG_CXX_LANGUAGE_STANDARD = "gnu++14";
				CLANG_CXX_LIBRARY = "libc++";
				CLANG_ENABLE_MODULES = YES;
				CLANG_ENABLE_OBJC_ARC = YES;
				CLANG_ENABLE_OBJC_WEAK = YES;
				CLANG_WARN_BLOCK_CAPTURE_AUTORELEASING = YES;
				CLANG_WARN_BOOL_CONVERSION = YES;
				CLANG_WARN_COMMA = YES;
				CLANG_WARN_CONSTANT_CONVERSION = YES;
				CLANG_WARN_DEPRECATED_OBJC_IMPLEMENTATIONS = YES;
				CLANG_WARN_DIRECT_OBJC_ISA_USAGE = YES_ERROR;
				CLANG_WARN_DOCUMENTATION_COMMENTS = YES;
				CLANG_WARN_EMPTY_BODY = YES;
				CLANG_WARN_ENUM_CONVERSION = YES;
				CLANG_WARN_INFINITE_RECURSION = YES;
				CLANG_WARN_INT_CONVERSION = YES;
				CLANG_WARN_NON_LITERAL_NULL_CONVERSION = YES;
				CLANG_WARN_OBJC_IMPLICIT_RETAIN_SELF = YES;
				CLANG_WARN_OBJC_LITERAL_CONVERSION = YES;
				CLANG_WARN_OBJC_ROOT_CLASS = YES_ERROR;
				CLANG_WARN_RANGE_LOOP_ANALYSIS = YES;
				CLANG_WARN_STRICT_PROTOTYPES = YES;
				CLANG_WARN_SUSPICIOUS_MOVE = YES;
				CLANG_WARN_UNGUARDED_AVAILABILITY = YES_AGGRESSIVE;
				CLANG_WARN_UNREACHABLE_CODE = YES;
				CLANG_WARN__DUPLICATE_METHOD_MATCH = YES;
				COPY_PHASE_STRIP = NO;
				DEBUG_INFORMATION_FORMAT = dwarf;
				ENABLE_STRICT_OBJC_MSGSEND = YES;
				ENABLE_TESTABILITY = YES;
				GCC_C_LANGUAGE_STANDARD = gnu11;
				GCC_DYNAMIC_NO_PIC = NO;
				GCC_NO_COMMON_BLOCKS = YES;
				GCC_OPTIMIZATION_LEVEL = 0;
				GCC_PREPROCESSOR_DEFINITIONS = (
					"DEBUG=1",
					"$(inherited)",
				);
				GCC_WARN_64_TO_32_BIT_CONVERSION = YES;
				GCC_WARN_ABOUT_RETURN_TYPE = YES_ERROR;
				GCC_WARN_UNDECLARED_SELECTOR = YES;
				GCC_WARN_UNINITIALIZED_AUTOS = YES_AGGRESSIVE;
				GCC_WARN_UNUSED_FUNCTION = YES;
				GCC_WARN_UNUSED_VARIABLE = YES;
				IPHONEOS_DEPLOYMENT_TARGET = 13.2;
				MTL_ENABLE_DEBUG_INFO = INCLUDE_SOURCE;
				MTL_FAST_MATH = YES;
				ONLY_ACTIVE_ARCH = YES;
				SDKROOT = iphoneos;
				SWIFT_ACTIVE_COMPILATION_CONDITIONS = DEBUG;
				SWIFT_OPTIMIZATION_LEVEL = "-Onone";
			};
			name = Debug;
		};
		53883FC724265F41000D98C8 /* Release */ = {
			isa = XCBuildConfiguration;
			buildSettings = {
				ALWAYS_SEARCH_USER_PATHS = NO;
				CLANG_ANALYZER_LOCALIZABILITY_NONLOCALIZED = YES;
				CLANG_ANALYZER_NONNULL = YES;
				CLANG_ANALYZER_NUMBER_OBJECT_CONVERSION = YES_AGGRESSIVE;
				CLANG_CXX_LANGUAGE_STANDARD = "gnu++14";
				CLANG_CXX_LIBRARY = "libc++";
				CLANG_ENABLE_MODULES = YES;
				CLANG_ENABLE_OBJC_ARC = YES;
				CLANG_ENABLE_OBJC_WEAK = YES;
				CLANG_WARN_BLOCK_CAPTURE_AUTORELEASING = YES;
				CLANG_WARN_BOOL_CONVERSION = YES;
				CLANG_WARN_COMMA = YES;
				CLANG_WARN_CONSTANT_CONVERSION = YES;
				CLANG_WARN_DEPRECATED_OBJC_IMPLEMENTATIONS = YES;
				CLANG_WARN_DIRECT_OBJC_ISA_USAGE = YES_ERROR;
				CLANG_WARN_DOCUMENTATION_COMMENTS = YES;
				CLANG_WARN_EMPTY_BODY = YES;
				CLANG_WARN_ENUM_CONVERSION = YES;
				CLANG_WARN_INFINITE_RECURSION = YES;
				CLANG_WARN_INT_CONVERSION = YES;
				CLANG_WARN_NON_LITERAL_NULL_CONVERSION = YES;
				CLANG_WARN_OBJC_IMPLICIT_RETAIN_SELF = YES;
				CLANG_WARN_OBJC_LITERAL_CONVERSION = YES;
				CLANG_WARN_OBJC_ROOT_CLASS = YES_ERROR;
				CLANG_WARN_RANGE_LOOP_ANALYSIS = YES;
				CLANG_WARN_STRICT_PROTOTYPES = YES;
				CLANG_WARN_SUSPICIOUS_MOVE = YES;
				CLANG_WARN_UNGUARDED_AVAILABILITY = YES_AGGRESSIVE;
				CLANG_WARN_UNREACHABLE_CODE = YES;
				CLANG_WARN__DUPLICATE_METHOD_MATCH = YES;
				COPY_PHASE_STRIP = NO;
				DEBUG_INFORMATION_FORMAT = "dwarf-with-dsym";
				ENABLE_NS_ASSERTIONS = NO;
				ENABLE_STRICT_OBJC_MSGSEND = YES;
				GCC_C_LANGUAGE_STANDARD = gnu11;
				GCC_NO_COMMON_BLOCKS = YES;
				GCC_WARN_64_TO_32_BIT_CONVERSION = YES;
				GCC_WARN_ABOUT_RETURN_TYPE = YES_ERROR;
				GCC_WARN_UNDECLARED_SELECTOR = YES;
				GCC_WARN_UNINITIALIZED_AUTOS = YES_AGGRESSIVE;
				GCC_WARN_UNUSED_FUNCTION = YES;
				GCC_WARN_UNUSED_VARIABLE = YES;
				IPHONEOS_DEPLOYMENT_TARGET = 13.2;
				MTL_ENABLE_DEBUG_INFO = NO;
				MTL_FAST_MATH = YES;
				SDKROOT = iphoneos;
				SWIFT_COMPILATION_MODE = wholemodule;
				SWIFT_OPTIMIZATION_LEVEL = "-O";
				VALIDATE_PRODUCT = YES;
			};
			name = Release;
		};
		53883FC924265F41000D98C8 /* Debug */ = {
			isa = XCBuildConfiguration;
			baseConfigurationReference = 8C497CEF7BFFC0E026AE7CD1 /* Pods-Tech News Hub.debug.xcconfig */;
			buildSettings = {
				ASSETCATALOG_COMPILER_APPICON_NAME = AppIcon;
				CODE_SIGN_STYLE = Automatic;
				DEVELOPMENT_TEAM = K4WLM5X85S;
				INFOPLIST_FILE = "Tech News Hub/Info.plist";
				LD_RUNPATH_SEARCH_PATHS = (
					"$(inherited)",
					"@executable_path/Frameworks",
				);
				PRODUCT_BUNDLE_IDENTIFIER = "com.thetechnewshub.Tech-News-Hub";
				PRODUCT_NAME = "$(TARGET_NAME)";
				SWIFT_VERSION = 5.0;
				TARGETED_DEVICE_FAMILY = "1,2";
			};
			name = Debug;
		};
		53883FCA24265F41000D98C8 /* Release */ = {
			isa = XCBuildConfiguration;
			baseConfigurationReference = E0D8EF2AAF6E0F8719A67E94 /* Pods-Tech News Hub.release.xcconfig */;
			buildSettings = {
				ASSETCATALOG_COMPILER_APPICON_NAME = AppIcon;
				CODE_SIGN_STYLE = Automatic;
				DEVELOPMENT_TEAM = K4WLM5X85S;
				INFOPLIST_FILE = "Tech News Hub/Info.plist";
				LD_RUNPATH_SEARCH_PATHS = (
					"$(inherited)",
					"@executable_path/Frameworks",
				);
				PRODUCT_BUNDLE_IDENTIFIER = "com.thetechnewshub.Tech-News-Hub";
				PRODUCT_NAME = "$(TARGET_NAME)";
				SWIFT_VERSION = 5.0;
				TARGETED_DEVICE_FAMILY = "1,2";
			};
			name = Release;
		};
		53883FCC24265F41000D98C8 /* Debug */ = {
			isa = XCBuildConfiguration;
			baseConfigurationReference = D80629A79AC3716BBDC0A44D /* Pods-Tech News HubTests.debug.xcconfig */;
			buildSettings = {
				ALWAYS_EMBED_SWIFT_STANDARD_LIBRARIES = YES;
				BUNDLE_LOADER = "$(TEST_HOST)";
				CODE_SIGN_STYLE = Automatic;
				DEVELOPMENT_TEAM = K4WLM5X85S;
				INFOPLIST_FILE = "Tech News HubTests/Info.plist";
				IPHONEOS_DEPLOYMENT_TARGET = 13.2;
				LD_RUNPATH_SEARCH_PATHS = (
					"$(inherited)",
					"@executable_path/Frameworks",
					"@loader_path/Frameworks",
				);
				PRODUCT_BUNDLE_IDENTIFIER = "com.thetechnewshub.Tech-News-HubTests";
				PRODUCT_NAME = "$(TARGET_NAME)";
				SWIFT_VERSION = 5.0;
				TARGETED_DEVICE_FAMILY = "1,2";
				TEST_HOST = "$(BUILT_PRODUCTS_DIR)/Tech News Hub.app/Tech News Hub";
			};
			name = Debug;
		};
		53883FCD24265F41000D98C8 /* Release */ = {
			isa = XCBuildConfiguration;
			baseConfigurationReference = CA3962479B8CED8627993094 /* Pods-Tech News HubTests.release.xcconfig */;
			buildSettings = {
				ALWAYS_EMBED_SWIFT_STANDARD_LIBRARIES = YES;
				BUNDLE_LOADER = "$(TEST_HOST)";
				CODE_SIGN_STYLE = Automatic;
				DEVELOPMENT_TEAM = K4WLM5X85S;
				INFOPLIST_FILE = "Tech News HubTests/Info.plist";
				IPHONEOS_DEPLOYMENT_TARGET = 13.2;
				LD_RUNPATH_SEARCH_PATHS = (
					"$(inherited)",
					"@executable_path/Frameworks",
					"@loader_path/Frameworks",
				);
				PRODUCT_BUNDLE_IDENTIFIER = "com.thetechnewshub.Tech-News-HubTests";
				PRODUCT_NAME = "$(TARGET_NAME)";
				SWIFT_VERSION = 5.0;
				TARGETED_DEVICE_FAMILY = "1,2";
				TEST_HOST = "$(BUILT_PRODUCTS_DIR)/Tech News Hub.app/Tech News Hub";
			};
			name = Release;
		};
/* End XCBuildConfiguration section */

/* Begin XCConfigurationList section */
		53883FA424265F3F000D98C8 /* Build configuration list for PBXProject "Tech News Hub" */ = {
			isa = XCConfigurationList;
			buildConfigurations = (
				53883FC624265F41000D98C8 /* Debug */,
				53883FC724265F41000D98C8 /* Release */,
			);
			defaultConfigurationIsVisible = 0;
			defaultConfigurationName = Release;
		};
		53883FC824265F41000D98C8 /* Build configuration list for PBXNativeTarget "Tech News Hub" */ = {
			isa = XCConfigurationList;
			buildConfigurations = (
				53883FC924265F41000D98C8 /* Debug */,
				53883FCA24265F41000D98C8 /* Release */,
			);
			defaultConfigurationIsVisible = 0;
			defaultConfigurationName = Release;
		};
		53883FCB24265F41000D98C8 /* Build configuration list for PBXNativeTarget "Tech News HubTests" */ = {
			isa = XCConfigurationList;
			buildConfigurations = (
				53883FCC24265F41000D98C8 /* Debug */,
				53883FCD24265F41000D98C8 /* Release */,
			);
			defaultConfigurationIsVisible = 0;
			defaultConfigurationName = Release;
		};
/* End XCConfigurationList section */
	};
	rootObject = 53883FA124265F3F000D98C8 /* Project object */;
}
