// !$*UTF8*$!
{
	archiveVersion = 1;
	classes = {
	};
	objectVersion = 50;
	objects = {

/* Begin PBXBuildFile section */
		53883FAD24265F3F000D98C8 /* AppDelegate.swift in Sources */ = {isa = PBXBuildFile; fileRef = 53883FAC24265F3F000D98C8 /* AppDelegate.swift */; };
		53883FAF24265F3F000D98C8 /* SceneDelegate.swift in Sources */ = {isa = PBXBuildFile; fileRef = 53883FAE24265F3F000D98C8 /* SceneDelegate.swift */; };
		53883FB124265F3F000D98C8 /* ViewController.swift in Sources */ = {isa = PBXBuildFile; fileRef = 53883FB024265F3F000D98C8 /* ViewController.swift */; };
		53883FB424265F3F000D98C8 /* Main.storyboard in Resources */ = {isa = PBXBuildFile; fileRef = 53883FB224265F3F000D98C8 /* Main.storyboard */; };
		53883FB624265F41000D98C8 /* Assets.xcassets in Resources */ = {isa = PBXBuildFile; fileRef = 53883FB524265F41000D98C8 /* Assets.xcassets */; };
		53883FB924265F41000D98C8 /* LaunchScreen.storyboard in Resources */ = {isa = PBXBuildFile; fileRef = 53883FB724265F41000D98C8 /* LaunchScreen.storyboard */; };
		53883FC424265F41000D98C8 /* Tech_News_HubTests.swift in Sources */ = {isa = PBXBuildFile; fileRef = 53883FC324265F41000D98C8 /* Tech_News_HubTests.swift */; };
/* End PBXBuildFile section */

/* Begin PBXContainerItemProxy section */
		53883FC024265F41000D98C8 /* PBXContainerItemProxy */ = {
			isa = PBXContainerItemProxy;
			containerPortal = 53883FA124265F3F000D98C8 /* Project object */;
			proxyType = 1;
			remoteGlobalIDString = 53883FA824265F3F000D98C8;
			remoteInfo = "Tech News Hub";
		};
/* End PBXContainerItemProxy section */

/* Begin PBXFileReference section */
		53883FA924265F3F000D98C8 /* Tech News Hub.app */ = {isa = PBXFileReference; explicitFileType = wrapper.application; includeInIndex = 0; path = "Tech News Hub.app"; sourceTree = BUILT_PRODUCTS_DIR; };
		53883FAC24265F3F000D98C8 /* AppDelegate.swift */ = {isa = PBXFileReference; lastKnownFileType = sourcecode.swift; path = AppDelegate.swift; sourceTree = "<group>"; };
		53883FAE24265F3F000D98C8 /* SceneDelegate.swift */ = {isa = PBXFileReference; lastKnownFileType = sourcecode.swift; path = SceneDelegate.swift; sourceTree = "<group>"; };
		53883FB024265F3F000D98C8 /* ViewController.swift */ = {isa = PBXFileReference; lastKnownFileType = sourcecode.swift; path = ViewController.swift; sourceTree = "<group>"; };
		53883FB324265F3F000D98C8 /* Base */ = {isa = PBXFileReference; lastKnownFileType = file.storyboard; name = Base; path = Base.lproj/Main.storyboard; sourceTree = "<group>"; };
		53883FB524265F41000D98C8 /* Assets.xcassets */ = {isa = PBXFileReference; lastKnownFileType = folder.assetcatalog; path = Assets.xcassets; sourceTree = "<group>"; };
		53883FB824265F41000D98C8 /* Base */ = {isa = PBXFileReference; lastKnownFileType = file.storyboard; name = Base; path = Base.lproj/LaunchScreen.storyboard; sourceTree = "<group>"; };
		53883FBA24265F41000D98C8 /* Info.plist */ = {isa = PBXFileReference; lastKnownFileType = text.plist.xml; path = Info.plist; sourceTree = "<group>"; };
		53883FBF24265F41000D98C8 /* Tech News HubTests.xctest */ = {isa = PBXFileReference; explicitFileType = wrapper.cfbundle; includeInIndex = 0; path = "Tech News HubTests.xctest"; sourceTree = BUILT_PRODUCTS_DIR; };
		53883FC324265F41000D98C8 /* Tech_News_HubTests.swift */ = {isa = PBXFileReference; lastKnownFileType = sourcecode.swift; path = Tech_News_HubTests.swift; sourceTree = "<group>"; };
		53883FC524265F41000D98C8 /* Info.plist */ = {isa = PBXFileReference; lastKnownFileType = text.plist.xml; path = Info.plist; sourceTree = "<group>"; };
/* End PBXFileReference section */

/* Begin PBXFrameworksBuildPhase section */
		53883FA624265F3F000D98C8 /* Frameworks */ = {
			isa = PBXFrameworksBuildPhase;
			buildActionMask = 2147483647;
			files = (
			);
			runOnlyForDeploymentPostprocessing = 0;
		};
		53883FBC24265F41000D98C8 /* Frameworks */ = {
			isa = PBXFrameworksBuildPhase;
			buildActionMask = 2147483647;
			files = (
			);
			runOnlyForDeploymentPostprocessing = 0;
		};
/* End PBXFrameworksBuildPhase section */

/* Begin PBXGroup section */
		53883FA024265F3F000D98C8 = {
			isa = PBXGroup;
			children = (
				53883FAB24265F3F000D98C8 /* Tech News Hub */,
				53883FC224265F41000D98C8 /* Tech News HubTests */,
				53883FAA24265F3F000D98C8 /* Products */,
			);
			sourceTree = "<group>";
		};
		53883FAA24265F3F000D98C8 /* Products */ = {
			isa = PBXGroup;
			children = (
				53883FA924265F3F000D98C8 /* Tech News Hub.app */,
				53883FBF24265F41000D98C8 /* Tech News HubTests.xctest */,
			);
			name = Products;
			sourceTree = "<group>";
		};
		53883FAB24265F3F000D98C8 /* Tech News Hub */ = {
			isa = PBXGroup;
			children = (
				53883FAC24265F3F000D98C8 /* AppDelegate.swift */,
				53883FAE24265F3F000D98C8 /* SceneDelegate.swift */,
				53883FB024265F3F000D98C8 /* ViewController.swift */,
				53883FB224265F3F000D98C8 /* Main.storyboard */,
				53883FB524265F41000D98C8 /* Assets.xcassets */,
				53883FB724265F41000D98C8 /* LaunchScreen.storyboard */,
				53883FBA24265F41000D98C8 /* Info.plist */,
			);
			path = "Tech News Hub";
			sourceTree = "<group>";
		};
		53883FC224265F41000D98C8 /* Tech News HubTests */ = {
			isa = PBXGroup;
			children = (
				53883FC324265F41000D98C8 /* Tech_News_HubTests.swift */,
				53883FC524265F41000D98C8 /* Info.plist */,
			);
			path = "Tech News HubTests";
			sourceTree = "<group>";
		};
/* End PBXGroup section */

/* Begin PBXNativeTarget section */
		53883FA824265F3F000D98C8 /* Tech News Hub */ = {
			isa = PBXNativeTarget;
			buildConfigurationList = 53883FC824265F41000D98C8 /* Build configuration list for PBXNativeTarget "Tech News Hub" */;
			buildPhases = (
				53883FA524265F3F000D98C8 /* Sources */,
				53883FA624265F3F000D98C8 /* Frameworks */,
				53883FA724265F3F000D98C8 /* Resources */,
			);
			buildRules = (
			);
			dependencies = (
			);
			name = "Tech News Hub";
			productName = "Tech News Hub";
			productReference = 53883FA924265F3F000D98C8 /* Tech News Hub.app */;
			productType = "com.apple.product-type.application";
		};
		53883FBE24265F41000D98C8 /* Tech News HubTests */ = {
			isa = PBXNativeTarget;
			buildConfigurationList = 53883FCB24265F41000D98C8 /* Build configuration list for PBXNativeTarget "Tech News HubTests" */;
			buildPhases = (
				53883FBB24265F41000D98C8 /* Sources */,
				53883FBC24265F41000D98C8 /* Frameworks */,
				53883FBD24265F41000D98C8 /* Resources */,
			);
			buildRules = (
			);
			dependencies = (
				53883FC124265F41000D98C8 /* PBXTargetDependency */,
			);
			name = "Tech News HubTests";
			productName = "Tech News HubTests";
			productReference = 53883FBF24265F41000D98C8 /* Tech News HubTests.xctest */;
			productType = "com.apple.product-type.bundle.unit-test";
		};
/* End PBXNativeTarget section */

/* Begin PBXProject section */
		53883FA124265F3F000D98C8 /* Project object */ = {
			isa = PBXProject;
			attributes = {
				LastSwiftUpdateCheck = 1130;
				LastUpgradeCheck = 1130;
				ORGANIZATIONNAME = "The Tech News Hub";
				TargetAttributes = {
					53883FA824265F3F000D98C8 = {
						CreatedOnToolsVersion = 11.3;
					};
					53883FBE24265F41000D98C8 = {
						CreatedOnToolsVersion = 11.3;
						TestTargetID = 53883FA824265F3F000D98C8;
					};
				};
			};
			buildConfigurationList = 53883FA424265F3F000D98C8 /* Build configuration list for PBXProject "Tech News Hub" */;
			compatibilityVersion = "Xcode 9.3";
			developmentRegion = en;
			hasScannedForEncodings = 0;
			knownRegions = (
				en,
				Base,
			);
			mainGroup = 53883FA024265F3F000D98C8;
			productRefGroup = 53883FAA24265F3F000D98C8 /* Products */;
			projectDirPath = "";
			projectRoot = "";
			targets = (
				53883FA824265F3F000D98C8 /* Tech News Hub */,
				53883FBE24265F41000D98C8 /* Tech News HubTests */,
			);
		};
/* End PBXProject section */

/* Begin PBXResourcesBuildPhase section */
		53883FA724265F3F000D98C8 /* Resources */ = {
			isa = PBXResourcesBuildPhase;
			buildActionMask = 2147483647;
			files = (
				53883FB924265F41000D98C8 /* LaunchScreen.storyboard in Resources */,
				53883FB624265F41000D98C8 /* Assets.xcassets in Resources */,
				53883FB424265F3F000D98C8 /* Main.storyboard in Resources */,
			);
			runOnlyForDeploymentPostprocessing = 0;
		};
		53883FBD24265F41000D98C8 /* Resources */ = {
			isa = PBXResourcesBuildPhase;
			buildActionMask = 2147483647;
			files = (
			);
			runOnlyForDeploymentPostprocessing = 0;
		};
/* End PBXResourcesBuildPhase section */

/* Begin PBXSourcesBuildPhase section */
		53883FA524265F3F000D98C8 /* Sources */ = {
			isa = PBXSourcesBuildPhase;
			buildActionMask = 2147483647;
			files = (
				53883FB124265F3F000D98C8 /* ViewController.swift in Sources */,
				53883FAD24265F3F000D98C8 /* AppDelegate.swift in Sources */,
				53883FAF24265F3F000D98C8 /* SceneDelegate.swift in Sources */,
			);
			runOnlyForDeploymentPostprocessing = 0;
		};
		53883FBB24265F41000D98C8 /* Sources */ = {
			isa = PBXSourcesBuildPhase;
			buildActionMask = 2147483647;
			files = (
				53883FC424265F41000D98C8 /* Tech_News_HubTests.swift in Sources */,
			);
			runOnlyForDeploymentPostprocessing = 0;
		};
/* End PBXSourcesBuildPhase section */

/* Begin PBXTargetDependency section */
		53883FC124265F41000D98C8 /* PBXTargetDependency */ = {
			isa = PBXTargetDependency;
			target = 53883FA824265F3F000D98C8 /* Tech News Hub */;
			targetProxy = 53883FC024265F41000D98C8 /* PBXContainerItemProxy */;
		};
/* End PBXTargetDependency section */

/* Begin PBXVariantGroup section */
		53883FB224265F3F000D98C8 /* Main.storyboard */ = {
			isa = PBXVariantGroup;
			children = (
				53883FB324265F3F000D98C8 /* Base */,
			);
			name = Main.storyboard;
			sourceTree = "<group>";
		};
		53883FB724265F41000D98C8 /* LaunchScreen.storyboard */ = {
			isa = PBXVariantGroup;
			children = (
				53883FB824265F41000D98C8 /* Base */,
			);
			name = LaunchScreen.storyboard;
			sourceTree = "<group>";
		};
/* End PBXVariantGroup section */

/* Begin XCBuildConfiguration section */
		53883FC624265F41000D98C8 /* Debug */ = {
			isa = XCBuildConfiguration;
			buildSettings = {
				ALWAYS_SEARCH_USER_PATHS = NO;
				CLANG_ANALYZER_NONNULL = YES;
				CLANG_ANALYZER_NUMBER_OBJECT_CONVERSION = YES_AGGRESSIVE;
				CLANG_CXX_LANGUAGE_STANDARD = "gnu++14";
				CLANG_CXX_LIBRARY = "libc++";
				CLANG_ENABLE_MODULES = YES;
				CLANG_ENABLE_OBJC_ARC = YES;
				CLANG_ENABLE_OBJC_WEAK = YES;
				CLANG_WARN_BLOCK_CAPTURE_AUTORELEASING = YES;
				CLANG_WARN_BOOL_CONVERSION = YES;
				CLANG_WARN_COMMA = YES;
				CLANG_WARN_CONSTANT_CONVERSION = YES;
				CLANG_WARN_DEPRECATED_OBJC_IMPLEMENTATIONS = YES;
				CLANG_WARN_DIRECT_OBJC_ISA_USAGE = YES_ERROR;
				CLANG_WARN_DOCUMENTATION_COMMENTS = YES;
				CLANG_WARN_EMPTY_BODY = YES;
				CLANG_WARN_ENUM_CONVERSION = YES;
				CLANG_WARN_INFINITE_RECURSION = YES;
				CLANG_WARN_INT_CONVERSION = YES;
				CLANG_WARN_NON_LITERAL_NULL_CONVERSION = YES;
				CLANG_WARN_OBJC_IMPLICIT_RETAIN_SELF = YES;
				CLANG_WARN_OBJC_LITERAL_CONVERSION = YES;
				CLANG_WARN_OBJC_ROOT_CLASS = YES_ERROR;
				CLANG_WARN_RANGE_LOOP_ANALYSIS = YES;
				CLANG_WARN_STRICT_PROTOTYPES = YES;
				CLANG_WARN_SUSPICIOUS_MOVE = YES;
				CLANG_WARN_UNGUARDED_AVAILABILITY = YES_AGGRESSIVE;
				CLANG_WARN_UNREACHABLE_CODE = YES;
				CLANG_WARN__DUPLICATE_METHOD_MATCH = YES;
				COPY_PHASE_STRIP = NO;
				DEBUG_INFORMATION_FORMAT = dwarf;
				ENABLE_STRICT_OBJC_MSGSEND = YES;
				ENABLE_TESTABILITY = YES;
				GCC_C_LANGUAGE_STANDARD = gnu11;
				GCC_DYNAMIC_NO_PIC = NO;
				GCC_NO_COMMON_BLOCKS = YES;
				GCC_OPTIMIZATION_LEVEL = 0;
				GCC_PREPROCESSOR_DEFINITIONS = (
					"DEBUG=1",
					"$(inherited)",
				);
				GCC_WARN_64_TO_32_BIT_CONVERSION = YES;
				GCC_WARN_ABOUT_RETURN_TYPE = YES_ERROR;
				GCC_WARN_UNDECLARED_SELECTOR = YES;
				GCC_WARN_UNINITIALIZED_AUTOS = YES_AGGRESSIVE;
				GCC_WARN_UNUSED_FUNCTION = YES;
				GCC_WARN_UNUSED_VARIABLE = YES;
				IPHONEOS_DEPLOYMENT_TARGET = 13.2;
				MTL_ENABLE_DEBUG_INFO = INCLUDE_SOURCE;
				MTL_FAST_MATH = YES;
				ONLY_ACTIVE_ARCH = YES;
				SDKROOT = iphoneos;
				SWIFT_ACTIVE_COMPILATION_CONDITIONS = DEBUG;
				SWIFT_OPTIMIZATION_LEVEL = "-Onone";
			};
			name = Debug;
		};
		53883FC724265F41000D98C8 /* Release */ = {
			isa = XCBuildConfiguration;
			buildSettings = {
				ALWAYS_SEARCH_USER_PATHS = NO;
				CLANG_ANALYZER_NONNULL = YES;
				CLANG_ANALYZER_NUMBER_OBJECT_CONVERSION = YES_AGGRESSIVE;
				CLANG_CXX_LANGUAGE_STANDARD = "gnu++14";
				CLANG_CXX_LIBRARY = "libc++";
				CLANG_ENABLE_MODULES = YES;
				CLANG_ENABLE_OBJC_ARC = YES;
				CLANG_ENABLE_OBJC_WEAK = YES;
				CLANG_WARN_BLOCK_CAPTURE_AUTORELEASING = YES;
				CLANG_WARN_BOOL_CONVERSION = YES;
				CLANG_WARN_COMMA = YES;
				CLANG_WARN_CONSTANT_CONVERSION = YES;
				CLANG_WARN_DEPRECATED_OBJC_IMPLEMENTATIONS = YES;
				CLANG_WARN_DIRECT_OBJC_ISA_USAGE = YES_ERROR;
				CLANG_WARN_DOCUMENTATION_COMMENTS = YES;
				CLANG_WARN_EMPTY_BODY = YES;
				CLANG_WARN_ENUM_CONVERSION = YES;
				CLANG_WARN_INFINITE_RECURSION = YES;
				CLANG_WARN_INT_CONVERSION = YES;
				CLANG_WARN_NON_LITERAL_NULL_CONVERSION = YES;
				CLANG_WARN_OBJC_IMPLICIT_RETAIN_SELF = YES;
				CLANG_WARN_OBJC_LITERAL_CONVERSION = YES;
				CLANG_WARN_OBJC_ROOT_CLASS = YES_ERROR;
				CLANG_WARN_RANGE_LOOP_ANALYSIS = YES;
				CLANG_WARN_STRICT_PROTOTYPES = YES;
				CLANG_WARN_SUSPICIOUS_MOVE = YES;
				CLANG_WARN_UNGUARDED_AVAILABILITY = YES_AGGRESSIVE;
				CLANG_WARN_UNREACHABLE_CODE = YES;
				CLANG_WARN__DUPLICATE_METHOD_MATCH = YES;
				COPY_PHASE_STRIP = NO;
				DEBUG_INFORMATION_FORMAT = "dwarf-with-dsym";
				ENABLE_NS_ASSERTIONS = NO;
				ENABLE_STRICT_OBJC_MSGSEND = YES;
				GCC_C_LANGUAGE_STANDARD = gnu11;
				GCC_NO_COMMON_BLOCKS = YES;
				GCC_WARN_64_TO_32_BIT_CONVERSION = YES;
				GCC_WARN_ABOUT_RETURN_TYPE = YES_ERROR;
				GCC_WARN_UNDECLARED_SELECTOR = YES;
				GCC_WARN_UNINITIALIZED_AUTOS = YES_AGGRESSIVE;
				GCC_WARN_UNUSED_FUNCTION = YES;
				GCC_WARN_UNUSED_VARIABLE = YES;
				IPHONEOS_DEPLOYMENT_TARGET = 13.2;
				MTL_ENABLE_DEBUG_INFO = NO;
				MTL_FAST_MATH = YES;
				SDKROOT = iphoneos;
				SWIFT_COMPILATION_MODE = wholemodule;
				SWIFT_OPTIMIZATION_LEVEL = "-O";
				VALIDATE_PRODUCT = YES;
			};
			name = Release;
		};
		53883FC924265F41000D98C8 /* Debug */ = {
			isa = XCBuildConfiguration;
			buildSettings = {
				ASSETCATALOG_COMPILER_APPICON_NAME = AppIcon;
				CODE_SIGN_STYLE = Automatic;
				DEVELOPMENT_TEAM = K4WLM5X85S;
				INFOPLIST_FILE = "Tech News Hub/Info.plist";
				LD_RUNPATH_SEARCH_PATHS = (
					"$(inherited)",
					"@executable_path/Frameworks",
				);
				PRODUCT_BUNDLE_IDENTIFIER = "com.thetechnewshub.Tech-News-Hub";
				PRODUCT_NAME = "$(TARGET_NAME)";
				SWIFT_VERSION = 5.0;
				TARGETED_DEVICE_FAMILY = "1,2";
			};
			name = Debug;
		};
		53883FCA24265F41000D98C8 /* Release */ = {
			isa = XCBuildConfiguration;
			buildSettings = {
				ASSETCATALOG_COMPILER_APPICON_NAME = AppIcon;
				CODE_SIGN_STYLE = Automatic;
				DEVELOPMENT_TEAM = K4WLM5X85S;
				INFOPLIST_FILE = "Tech News Hub/Info.plist";
				LD_RUNPATH_SEARCH_PATHS = (
					"$(inherited)",
					"@executable_path/Frameworks",
				);
				PRODUCT_BUNDLE_IDENTIFIER = "com.thetechnewshub.Tech-News-Hub";
				PRODUCT_NAME = "$(TARGET_NAME)";
				SWIFT_VERSION = 5.0;
				TARGETED_DEVICE_FAMILY = "1,2";
			};
			name = Release;
		};
		53883FCC24265F41000D98C8 /* Debug */ = {
			isa = XCBuildConfiguration;
			buildSettings = {
				ALWAYS_EMBED_SWIFT_STANDARD_LIBRARIES = YES;
				BUNDLE_LOADER = "$(TEST_HOST)";
				CODE_SIGN_STYLE = Automatic;
				DEVELOPMENT_TEAM = K4WLM5X85S;
				INFOPLIST_FILE = "Tech News HubTests/Info.plist";
				IPHONEOS_DEPLOYMENT_TARGET = 13.2;
				LD_RUNPATH_SEARCH_PATHS = (
					"$(inherited)",
					"@executable_path/Frameworks",
					"@loader_path/Frameworks",
				);
				PRODUCT_BUNDLE_IDENTIFIER = "com.thetechnewshub.Tech-News-HubTests";
				PRODUCT_NAME = "$(TARGET_NAME)";
				SWIFT_VERSION = 5.0;
				TARGETED_DEVICE_FAMILY = "1,2";
				TEST_HOST = "$(BUILT_PRODUCTS_DIR)/Tech News Hub.app/Tech News Hub";
			};
			name = Debug;
		};
		53883FCD24265F41000D98C8 /* Release */ = {
			isa = XCBuildConfiguration;
			buildSettings = {
				ALWAYS_EMBED_SWIFT_STANDARD_LIBRARIES = YES;
				BUNDLE_LOADER = "$(TEST_HOST)";
				CODE_SIGN_STYLE = Automatic;
				DEVELOPMENT_TEAM = K4WLM5X85S;
				INFOPLIST_FILE = "Tech News HubTests/Info.plist";
				IPHONEOS_DEPLOYMENT_TARGET = 13.2;
				LD_RUNPATH_SEARCH_PATHS = (
					"$(inherited)",
					"@executable_path/Frameworks",
					"@loader_path/Frameworks",
				);
				PRODUCT_BUNDLE_IDENTIFIER = "com.thetechnewshub.Tech-News-HubTests";
				PRODUCT_NAME = "$(TARGET_NAME)";
				SWIFT_VERSION = 5.0;
				TARGETED_DEVICE_FAMILY = "1,2";
				TEST_HOST = "$(BUILT_PRODUCTS_DIR)/Tech News Hub.app/Tech News Hub";
			};
			name = Release;
		};
/* End XCBuildConfiguration section */

/* Begin XCConfigurationList section */
		53883FA424265F3F000D98C8 /* Build configuration list for PBXProject "Tech News Hub" */ = {
			isa = XCConfigurationList;
			buildConfigurations = (
				53883FC624265F41000D98C8 /* Debug */,
				53883FC724265F41000D98C8 /* Release */,
			);
			defaultConfigurationIsVisible = 0;
			defaultConfigurationName = Release;
		};
		53883FC824265F41000D98C8 /* Build configuration list for PBXNativeTarget "Tech News Hub" */ = {
			isa = XCConfigurationList;
			buildConfigurations = (
				53883FC924265F41000D98C8 /* Debug */,
				53883FCA24265F41000D98C8 /* Release */,
			);
			defaultConfigurationIsVisible = 0;
			defaultConfigurationName = Release;
		};
		53883FCB24265F41000D98C8 /* Build configuration list for PBXNativeTarget "Tech News HubTests" */ = {
			isa = XCConfigurationList;
			buildConfigurations = (
				53883FCC24265F41000D98C8 /* Debug */,
				53883FCD24265F41000D98C8 /* Release */,
			);
			defaultConfigurationIsVisible = 0;
			defaultConfigurationName = Release;
		};
/* End XCConfigurationList section */
	};
	rootObject = 53883FA124265F3F000D98C8 /* Project object */;
}
